// !$*UTF8*$!
{
	archiveVersion = 1;
	classes = {
	};
	objectVersion = 50;
	objects = {

/* Begin PBXBuildFile section */
		2B43C6DF20C40D80009A6A07 /* AppDelegate.m in Sources */ = {isa = PBXBuildFile; fileRef = 2B43C6DE20C40D80009A6A07 /* AppDelegate.m */; };
		2B43C6E220C40D80009A6A07 /* ViewController.m in Sources */ = {isa = PBXBuildFile; fileRef = 2B43C6E120C40D80009A6A07 /* ViewController.m */; };
		2B43C6E520C40D80009A6A07 /* Main.storyboard in Resources */ = {isa = PBXBuildFile; fileRef = 2B43C6E320C40D80009A6A07 /* Main.storyboard */; };
		2B43C6E720C40D82009A6A07 /* Assets.xcassets in Resources */ = {isa = PBXBuildFile; fileRef = 2B43C6E620C40D82009A6A07 /* Assets.xcassets */; };
		2B43C6EA20C40D82009A6A07 /* LaunchScreen.storyboard in Resources */ = {isa = PBXBuildFile; fileRef = 2B43C6E820C40D82009A6A07 /* LaunchScreen.storyboard */; };
		2B43C6ED20C40D82009A6A07 /* main.m in Sources */ = {isa = PBXBuildFile; fileRef = 2B43C6EC20C40D82009A6A07 /* main.m */; };
		2B43C6F720C40D82009A6A07 /* WJAsyncExampleTests.m in Sources */ = {isa = PBXBuildFile; fileRef = 2B43C6F620C40D82009A6A07 /* WJAsyncExampleTests.m */; };
		2B43C70220C40D83009A6A07 /* WJAsyncExampleUITests.m in Sources */ = {isa = PBXBuildFile; fileRef = 2B43C70120C40D83009A6A07 /* WJAsyncExampleUITests.m */; };
		3B2C868D377623DEEBC59B83 /* libPods-WJAsyncExampleTests.a in Frameworks */ = {isa = PBXBuildFile; fileRef = F6366BB43548A9FC9A214F2E /* libPods-WJAsyncExampleTests.a */; };
		881D542532BB592D9C6EEEFD /* libPods-WJAsyncExampleUITests.a in Frameworks */ = {isa = PBXBuildFile; fileRef = 805B86031610F24BD31083AA /* libPods-WJAsyncExampleUITests.a */; };
		8AE428B629367BE8E3704BD9 /* libPods-WJAsyncExample.a in Frameworks */ = {isa = PBXBuildFile; fileRef = 9F92A5DC9FC94AD4164CBA8F /* libPods-WJAsyncExample.a */; };
/* End PBXBuildFile section */

/* Begin PBXContainerItemProxy section */
		2B43C6F320C40D82009A6A07 /* PBXContainerItemProxy */ = {
			isa = PBXContainerItemProxy;
			containerPortal = 2B43C6D220C40D80009A6A07 /* Project object */;
			proxyType = 1;
			remoteGlobalIDString = 2B43C6D920C40D80009A6A07;
			remoteInfo = WJAsyncExample;
		};
		2B43C6FE20C40D82009A6A07 /* PBXContainerItemProxy */ = {
			isa = PBXContainerItemProxy;
			containerPortal = 2B43C6D220C40D80009A6A07 /* Project object */;
			proxyType = 1;
			remoteGlobalIDString = 2B43C6D920C40D80009A6A07;
			remoteInfo = WJAsyncExample;
		};
/* End PBXContainerItemProxy section */

/* Begin PBXFileReference section */
		0F642BBC61C9A7C817374520 /* Pods-WJAsyncExampleTests.release.xcconfig */ = {isa = PBXFileReference; includeInIndex = 1; lastKnownFileType = text.xcconfig; name = "Pods-WJAsyncExampleTests.release.xcconfig"; path = "Pods/Target Support Files/Pods-WJAsyncExampleTests/Pods-WJAsyncExampleTests.release.xcconfig"; sourceTree = "<group>"; };
		23BD004B7684494503077156 /* Pods-WJAsyncExampleTests.debug.xcconfig */ = {isa = PBXFileReference; includeInIndex = 1; lastKnownFileType = text.xcconfig; name = "Pods-WJAsyncExampleTests.debug.xcconfig"; path = "Pods/Target Support Files/Pods-WJAsyncExampleTests/Pods-WJAsyncExampleTests.debug.xcconfig"; sourceTree = "<group>"; };
		2B43C6DA20C40D80009A6A07 /* WJAsyncExample.app */ = {isa = PBXFileReference; explicitFileType = wrapper.application; includeInIndex = 0; path = WJAsyncExample.app; sourceTree = BUILT_PRODUCTS_DIR; };
		2B43C6DD20C40D80009A6A07 /* AppDelegate.h */ = {isa = PBXFileReference; lastKnownFileType = sourcecode.c.h; path = AppDelegate.h; sourceTree = "<group>"; };
		2B43C6DE20C40D80009A6A07 /* AppDelegate.m */ = {isa = PBXFileReference; lastKnownFileType = sourcecode.c.objc; path = AppDelegate.m; sourceTree = "<group>"; };
		2B43C6E020C40D80009A6A07 /* ViewController.h */ = {isa = PBXFileReference; lastKnownFileType = sourcecode.c.h; path = ViewController.h; sourceTree = "<group>"; };
		2B43C6E120C40D80009A6A07 /* ViewController.m */ = {isa = PBXFileReference; lastKnownFileType = sourcecode.c.objc; path = ViewController.m; sourceTree = "<group>"; };
		2B43C6E420C40D80009A6A07 /* Base */ = {isa = PBXFileReference; lastKnownFileType = file.storyboard; name = Base; path = Base.lproj/Main.storyboard; sourceTree = "<group>"; };
		2B43C6E620C40D82009A6A07 /* Assets.xcassets */ = {isa = PBXFileReference; lastKnownFileType = folder.assetcatalog; path = Assets.xcassets; sourceTree = "<group>"; };
		2B43C6E920C40D82009A6A07 /* Base */ = {isa = PBXFileReference; lastKnownFileType = file.storyboard; name = Base; path = Base.lproj/LaunchScreen.storyboard; sourceTree = "<group>"; };
		2B43C6EB20C40D82009A6A07 /* Info.plist */ = {isa = PBXFileReference; lastKnownFileType = text.plist.xml; path = Info.plist; sourceTree = "<group>"; };
		2B43C6EC20C40D82009A6A07 /* main.m */ = {isa = PBXFileReference; lastKnownFileType = sourcecode.c.objc; path = main.m; sourceTree = "<group>"; };
		2B43C6F220C40D82009A6A07 /* WJAsyncExampleTests.xctest */ = {isa = PBXFileReference; explicitFileType = wrapper.cfbundle; includeInIndex = 0; path = WJAsyncExampleTests.xctest; sourceTree = BUILT_PRODUCTS_DIR; };
		2B43C6F620C40D82009A6A07 /* WJAsyncExampleTests.m */ = {isa = PBXFileReference; lastKnownFileType = sourcecode.c.objc; path = WJAsyncExampleTests.m; sourceTree = "<group>"; };
		2B43C6F820C40D82009A6A07 /* Info.plist */ = {isa = PBXFileReference; lastKnownFileType = text.plist.xml; path = Info.plist; sourceTree = "<group>"; };
		2B43C6FD20C40D82009A6A07 /* WJAsyncExampleUITests.xctest */ = {isa = PBXFileReference; explicitFileType = wrapper.cfbundle; includeInIndex = 0; path = WJAsyncExampleUITests.xctest; sourceTree = BUILT_PRODUCTS_DIR; };
		2B43C70120C40D83009A6A07 /* WJAsyncExampleUITests.m */ = {isa = PBXFileReference; lastKnownFileType = sourcecode.c.objc; path = WJAsyncExampleUITests.m; sourceTree = "<group>"; };
		2B43C70320C40D83009A6A07 /* Info.plist */ = {isa = PBXFileReference; lastKnownFileType = text.plist.xml; path = Info.plist; sourceTree = "<group>"; };
		53E0995115D879CDEBBD18D9 /* Pods-WJAsyncExample.debug.xcconfig */ = {isa = PBXFileReference; includeInIndex = 1; lastKnownFileType = text.xcconfig; name = "Pods-WJAsyncExample.debug.xcconfig"; path = "Pods/Target Support Files/Pods-WJAsyncExample/Pods-WJAsyncExample.debug.xcconfig"; sourceTree = "<group>"; };
		805B86031610F24BD31083AA /* libPods-WJAsyncExampleUITests.a */ = {isa = PBXFileReference; explicitFileType = archive.ar; includeInIndex = 0; path = "libPods-WJAsyncExampleUITests.a"; sourceTree = BUILT_PRODUCTS_DIR; };
		80CD02ABDC5D21D83A1CB52B /* Pods-WJAsyncExampleUITests.debug.xcconfig */ = {isa = PBXFileReference; includeInIndex = 1; lastKnownFileType = text.xcconfig; name = "Pods-WJAsyncExampleUITests.debug.xcconfig"; path = "Pods/Target Support Files/Pods-WJAsyncExampleUITests/Pods-WJAsyncExampleUITests.debug.xcconfig"; sourceTree = "<group>"; };
		8C32A9C43A24D5B2B20EBF99 /* Pods-WJAsyncExample.release.xcconfig */ = {isa = PBXFileReference; includeInIndex = 1; lastKnownFileType = text.xcconfig; name = "Pods-WJAsyncExample.release.xcconfig"; path = "Pods/Target Support Files/Pods-WJAsyncExample/Pods-WJAsyncExample.release.xcconfig"; sourceTree = "<group>"; };
		9F92A5DC9FC94AD4164CBA8F /* libPods-WJAsyncExample.a */ = {isa = PBXFileReference; explicitFileType = archive.ar; includeInIndex = 0; path = "libPods-WJAsyncExample.a"; sourceTree = BUILT_PRODUCTS_DIR; };
		A1CD7687A2E71A9F72F872F4 /* Pods-WJAsyncExampleUITests.release.xcconfig */ = {isa = PBXFileReference; includeInIndex = 1; lastKnownFileType = text.xcconfig; name = "Pods-WJAsyncExampleUITests.release.xcconfig"; path = "Pods/Target Support Files/Pods-WJAsyncExampleUITests/Pods-WJAsyncExampleUITests.release.xcconfig"; sourceTree = "<group>"; };
		F6366BB43548A9FC9A214F2E /* libPods-WJAsyncExampleTests.a */ = {isa = PBXFileReference; explicitFileType = archive.ar; includeInIndex = 0; path = "libPods-WJAsyncExampleTests.a"; sourceTree = BUILT_PRODUCTS_DIR; };
/* End PBXFileReference section */

/* Begin PBXFrameworksBuildPhase section */
		2B43C6D720C40D80009A6A07 /* Frameworks */ = {
			isa = PBXFrameworksBuildPhase;
			buildActionMask = 2147483647;
			files = (
				8AE428B629367BE8E3704BD9 /* libPods-WJAsyncExample.a in Frameworks */,
			);
			runOnlyForDeploymentPostprocessing = 0;
		};
		2B43C6EF20C40D82009A6A07 /* Frameworks */ = {
			isa = PBXFrameworksBuildPhase;
			buildActionMask = 2147483647;
			files = (
				3B2C868D377623DEEBC59B83 /* libPods-WJAsyncExampleTests.a in Frameworks */,
			);
			runOnlyForDeploymentPostprocessing = 0;
		};
		2B43C6FA20C40D82009A6A07 /* Frameworks */ = {
			isa = PBXFrameworksBuildPhase;
			buildActionMask = 2147483647;
			files = (
				881D542532BB592D9C6EEEFD /* libPods-WJAsyncExampleUITests.a in Frameworks */,
			);
			runOnlyForDeploymentPostprocessing = 0;
		};
/* End PBXFrameworksBuildPhase section */

/* Begin PBXGroup section */
		2B43C6D120C40D80009A6A07 = {
			isa = PBXGroup;
			children = (
				2B43C6DC20C40D80009A6A07 /* WJAsyncExample */,
				2B43C6F520C40D82009A6A07 /* WJAsyncExampleTests */,
				2B43C70020C40D82009A6A07 /* WJAsyncExampleUITests */,
				2B43C6DB20C40D80009A6A07 /* Products */,
				EC387D9B29F0FB6B1744B6E8 /* Pods */,
				FC26666003A5DCDD1D4EB01F /* Frameworks */,
			);
			sourceTree = "<group>";
		};
		2B43C6DB20C40D80009A6A07 /* Products */ = {
			isa = PBXGroup;
			children = (
				2B43C6DA20C40D80009A6A07 /* WJAsyncExample.app */,
				2B43C6F220C40D82009A6A07 /* WJAsyncExampleTests.xctest */,
				2B43C6FD20C40D82009A6A07 /* WJAsyncExampleUITests.xctest */,
			);
			name = Products;
			sourceTree = "<group>";
		};
		2B43C6DC20C40D80009A6A07 /* WJAsyncExample */ = {
			isa = PBXGroup;
			children = (
				2B43C6DD20C40D80009A6A07 /* AppDelegate.h */,
				2B43C6DE20C40D80009A6A07 /* AppDelegate.m */,
				2B43C6E020C40D80009A6A07 /* ViewController.h */,
				2B43C6E120C40D80009A6A07 /* ViewController.m */,
				2B43C6E320C40D80009A6A07 /* Main.storyboard */,
				2B43C6E620C40D82009A6A07 /* Assets.xcassets */,
				2B43C6E820C40D82009A6A07 /* LaunchScreen.storyboard */,
				2B43C6EB20C40D82009A6A07 /* Info.plist */,
				2B43C6EC20C40D82009A6A07 /* main.m */,
			);
			path = WJAsyncExample;
			sourceTree = "<group>";
		};
		2B43C6F520C40D82009A6A07 /* WJAsyncExampleTests */ = {
			isa = PBXGroup;
			children = (
				2B43C6F620C40D82009A6A07 /* WJAsyncExampleTests.m */,
				2B43C6F820C40D82009A6A07 /* Info.plist */,
			);
			path = WJAsyncExampleTests;
			sourceTree = "<group>";
		};
		2B43C70020C40D82009A6A07 /* WJAsyncExampleUITests */ = {
			isa = PBXGroup;
			children = (
				2B43C70120C40D83009A6A07 /* WJAsyncExampleUITests.m */,
				2B43C70320C40D83009A6A07 /* Info.plist */,
			);
			path = WJAsyncExampleUITests;
			sourceTree = "<group>";
		};
		EC387D9B29F0FB6B1744B6E8 /* Pods */ = {
			isa = PBXGroup;
			children = (
				53E0995115D879CDEBBD18D9 /* Pods-WJAsyncExample.debug.xcconfig */,
				8C32A9C43A24D5B2B20EBF99 /* Pods-WJAsyncExample.release.xcconfig */,
				23BD004B7684494503077156 /* Pods-WJAsyncExampleTests.debug.xcconfig */,
				0F642BBC61C9A7C817374520 /* Pods-WJAsyncExampleTests.release.xcconfig */,
				80CD02ABDC5D21D83A1CB52B /* Pods-WJAsyncExampleUITests.debug.xcconfig */,
				A1CD7687A2E71A9F72F872F4 /* Pods-WJAsyncExampleUITests.release.xcconfig */,
			);
			name = Pods;
			sourceTree = "<group>";
		};
		FC26666003A5DCDD1D4EB01F /* Frameworks */ = {
			isa = PBXGroup;
			children = (
				9F92A5DC9FC94AD4164CBA8F /* libPods-WJAsyncExample.a */,
				F6366BB43548A9FC9A214F2E /* libPods-WJAsyncExampleTests.a */,
				805B86031610F24BD31083AA /* libPods-WJAsyncExampleUITests.a */,
			);
			name = Frameworks;
			sourceTree = "<group>";
		};
/* End PBXGroup section */

/* Begin PBXNativeTarget section */
		2B43C6D920C40D80009A6A07 /* WJAsyncExample */ = {
			isa = PBXNativeTarget;
			buildConfigurationList = 2B43C70620C40D83009A6A07 /* Build configuration list for PBXNativeTarget "WJAsyncExample" */;
			buildPhases = (
				5C8CD500E6066ABA38E3C5EB /* [CP] Check Pods Manifest.lock */,
				2B43C6D620C40D80009A6A07 /* Sources */,
				2B43C6D720C40D80009A6A07 /* Frameworks */,
				2B43C6D820C40D80009A6A07 /* Resources */,
			);
			buildRules = (
			);
			dependencies = (
			);
			name = WJAsyncExample;
			productName = WJAsyncExample;
			productReference = 2B43C6DA20C40D80009A6A07 /* WJAsyncExample.app */;
			productType = "com.apple.product-type.application";
		};
		2B43C6F120C40D82009A6A07 /* WJAsyncExampleTests */ = {
			isa = PBXNativeTarget;
			buildConfigurationList = 2B43C70920C40D83009A6A07 /* Build configuration list for PBXNativeTarget "WJAsyncExampleTests" */;
			buildPhases = (
				67A0792DA685998CD5594827 /* [CP] Check Pods Manifest.lock */,
				2B43C6EE20C40D82009A6A07 /* Sources */,
				2B43C6EF20C40D82009A6A07 /* Frameworks */,
				2B43C6F020C40D82009A6A07 /* Resources */,
			);
			buildRules = (
			);
			dependencies = (
				2B43C6F420C40D82009A6A07 /* PBXTargetDependency */,
			);
			name = WJAsyncExampleTests;
			productName = WJAsyncExampleTests;
			productReference = 2B43C6F220C40D82009A6A07 /* WJAsyncExampleTests.xctest */;
			productType = "com.apple.product-type.bundle.unit-test";
		};
		2B43C6FC20C40D82009A6A07 /* WJAsyncExampleUITests */ = {
			isa = PBXNativeTarget;
			buildConfigurationList = 2B43C70C20C40D83009A6A07 /* Build configuration list for PBXNativeTarget "WJAsyncExampleUITests" */;
			buildPhases = (
				66C12C244471C3DA3249857B /* [CP] Check Pods Manifest.lock */,
				2B43C6F920C40D82009A6A07 /* Sources */,
				2B43C6FA20C40D82009A6A07 /* Frameworks */,
				2B43C6FB20C40D82009A6A07 /* Resources */,
			);
			buildRules = (
			);
			dependencies = (
				2B43C6FF20C40D82009A6A07 /* PBXTargetDependency */,
			);
			name = WJAsyncExampleUITests;
			productName = WJAsyncExampleUITests;
			productReference = 2B43C6FD20C40D82009A6A07 /* WJAsyncExampleUITests.xctest */;
			productType = "com.apple.product-type.bundle.ui-testing";
		};
/* End PBXNativeTarget section */

/* Begin PBXProject section */
		2B43C6D220C40D80009A6A07 /* Project object */ = {
			isa = PBXProject;
			attributes = {
				LastUpgradeCheck = 0930;
				ORGANIZATIONNAME = wangjun;
				TargetAttributes = {
					2B43C6D920C40D80009A6A07 = {
						CreatedOnToolsVersion = 9.3.1;
					};
					2B43C6F120C40D82009A6A07 = {
						CreatedOnToolsVersion = 9.3.1;
						TestTargetID = 2B43C6D920C40D80009A6A07;
					};
					2B43C6FC20C40D82009A6A07 = {
						CreatedOnToolsVersion = 9.3.1;
						TestTargetID = 2B43C6D920C40D80009A6A07;
					};
				};
			};
			buildConfigurationList = 2B43C6D520C40D80009A6A07 /* Build configuration list for PBXProject "WJAsyncExample" */;
			compatibilityVersion = "Xcode 9.3";
			developmentRegion = en;
			hasScannedForEncodings = 0;
			knownRegions = (
				en,
				Base,
			);
			mainGroup = 2B43C6D120C40D80009A6A07;
			productRefGroup = 2B43C6DB20C40D80009A6A07 /* Products */;
			projectDirPath = "";
			projectRoot = "";
			targets = (
				2B43C6D920C40D80009A6A07 /* WJAsyncExample */,
				2B43C6F120C40D82009A6A07 /* WJAsyncExampleTests */,
				2B43C6FC20C40D82009A6A07 /* WJAsyncExampleUITests */,
			);
		};
/* End PBXProject section */

/* Begin PBXResourcesBuildPhase section */
		2B43C6D820C40D80009A6A07 /* Resources */ = {
			isa = PBXResourcesBuildPhase;
			buildActionMask = 2147483647;
			files = (
				2B43C6EA20C40D82009A6A07 /* LaunchScreen.storyboard in Resources */,
				2B43C6E720C40D82009A6A07 /* Assets.xcassets in Resources */,
				2B43C6E520C40D80009A6A07 /* Main.storyboard in Resources */,
			);
			runOnlyForDeploymentPostprocessing = 0;
		};
		2B43C6F020C40D82009A6A07 /* Resources */ = {
			isa = PBXResourcesBuildPhase;
			buildActionMask = 2147483647;
			files = (
			);
			runOnlyForDeploymentPostprocessing = 0;
		};
		2B43C6FB20C40D82009A6A07 /* Resources */ = {
			isa = PBXResourcesBuildPhase;
			buildActionMask = 2147483647;
			files = (
			);
			runOnlyForDeploymentPostprocessing = 0;
		};
/* End PBXResourcesBuildPhase section */

/* Begin PBXShellScriptBuildPhase section */
		5C8CD500E6066ABA38E3C5EB /* [CP] Check Pods Manifest.lock */ = {
			isa = PBXShellScriptBuildPhase;
			buildActionMask = 2147483647;
			files = (
			);
			inputPaths = (
				"${PODS_PODFILE_DIR_PATH}/Podfile.lock",
				"${PODS_ROOT}/Manifest.lock",
			);
			name = "[CP] Check Pods Manifest.lock";
			outputPaths = (
				"$(DERIVED_FILE_DIR)/Pods-WJAsyncExample-checkManifestLockResult.txt",
			);
			runOnlyForDeploymentPostprocessing = 0;
			shellPath = /bin/sh;
			shellScript = "diff \"${PODS_PODFILE_DIR_PATH}/Podfile.lock\" \"${PODS_ROOT}/Manifest.lock\" > /dev/null\nif [ $? != 0 ] ; then\n    # print error to STDERR\n    echo \"error: The sandbox is not in sync with the Podfile.lock. Run 'pod install' or update your CocoaPods installation.\" >&2\n    exit 1\nfi\n# This output is used by Xcode 'outputs' to avoid re-running this script phase.\necho \"SUCCESS\" > \"${SCRIPT_OUTPUT_FILE_0}\"\n";
			showEnvVarsInLog = 0;
		};
		66C12C244471C3DA3249857B /* [CP] Check Pods Manifest.lock */ = {
			isa = PBXShellScriptBuildPhase;
			buildActionMask = 2147483647;
			files = (
			);
			inputPaths = (
				"${PODS_PODFILE_DIR_PATH}/Podfile.lock",
				"${PODS_ROOT}/Manifest.lock",
			);
			name = "[CP] Check Pods Manifest.lock";
			outputPaths = (
				"$(DERIVED_FILE_DIR)/Pods-WJAsyncExampleUITests-checkManifestLockResult.txt",
			);
			runOnlyForDeploymentPostprocessing = 0;
			shellPath = /bin/sh;
			shellScript = "diff \"${PODS_PODFILE_DIR_PATH}/Podfile.lock\" \"${PODS_ROOT}/Manifest.lock\" > /dev/null\nif [ $? != 0 ] ; then\n    # print error to STDERR\n    echo \"error: The sandbox is not in sync with the Podfile.lock. Run 'pod install' or update your CocoaPods installation.\" >&2\n    exit 1\nfi\n# This output is used by Xcode 'outputs' to avoid re-running this script phase.\necho \"SUCCESS\" > \"${SCRIPT_OUTPUT_FILE_0}\"\n";
			showEnvVarsInLog = 0;
		};
		67A0792DA685998CD5594827 /* [CP] Check Pods Manifest.lock */ = {
			isa = PBXShellScriptBuildPhase;
			buildActionMask = 2147483647;
			files = (
			);
			inputPaths = (
				"${PODS_PODFILE_DIR_PATH}/Podfile.lock",
				"${PODS_ROOT}/Manifest.lock",
			);
			name = "[CP] Check Pods Manifest.lock";
			outputPaths = (
				"$(DERIVED_FILE_DIR)/Pods-WJAsyncExampleTests-checkManifestLockResult.txt",
			);
			runOnlyForDeploymentPostprocessing = 0;
			shellPath = /bin/sh;
			shellScript = "diff \"${PODS_PODFILE_DIR_PATH}/Podfile.lock\" \"${PODS_ROOT}/Manifest.lock\" > /dev/null\nif [ $? != 0 ] ; then\n    # print error to STDERR\n    echo \"error: The sandbox is not in sync with the Podfile.lock. Run 'pod install' or update your CocoaPods installation.\" >&2\n    exit 1\nfi\n# This output is used by Xcode 'outputs' to avoid re-running this script phase.\necho \"SUCCESS\" > \"${SCRIPT_OUTPUT_FILE_0}\"\n";
			showEnvVarsInLog = 0;
		};
/* End PBXShellScriptBuildPhase section */

/* Begin PBXSourcesBuildPhase section */
		2B43C6D620C40D80009A6A07 /* Sources */ = {
			isa = PBXSourcesBuildPhase;
			buildActionMask = 2147483647;
			files = (
				2B43C6E220C40D80009A6A07 /* ViewController.m in Sources */,
				2B43C6ED20C40D82009A6A07 /* main.m in Sources */,
				2B43C6DF20C40D80009A6A07 /* AppDelegate.m in Sources */,
			);
			runOnlyForDeploymentPostprocessing = 0;
		};
		2B43C6EE20C40D82009A6A07 /* Sources */ = {
			isa = PBXSourcesBuildPhase;
			buildActionMask = 2147483647;
			files = (
				2B43C6F720C40D82009A6A07 /* WJAsyncExampleTests.m in Sources */,
			);
			runOnlyForDeploymentPostprocessing = 0;
		};
		2B43C6F920C40D82009A6A07 /* Sources */ = {
			isa = PBXSourcesBuildPhase;
			buildActionMask = 2147483647;
			files = (
				2B43C70220C40D83009A6A07 /* WJAsyncExampleUITests.m in Sources */,
			);
			runOnlyForDeploymentPostprocessing = 0;
		};
/* End PBXSourcesBuildPhase section */

/* Begin PBXTargetDependency section */
		2B43C6F420C40D82009A6A07 /* PBXTargetDependency */ = {
			isa = PBXTargetDependency;
			target = 2B43C6D920C40D80009A6A07 /* WJAsyncExample */;
			targetProxy = 2B43C6F320C40D82009A6A07 /* PBXContainerItemProxy */;
		};
		2B43C6FF20C40D82009A6A07 /* PBXTargetDependency */ = {
			isa = PBXTargetDependency;
			target = 2B43C6D920C40D80009A6A07 /* WJAsyncExample */;
			targetProxy = 2B43C6FE20C40D82009A6A07 /* PBXContainerItemProxy */;
		};
/* End PBXTargetDependency section */

/* Begin PBXVariantGroup section */
		2B43C6E320C40D80009A6A07 /* Main.storyboard */ = {
			isa = PBXVariantGroup;
			children = (
				2B43C6E420C40D80009A6A07 /* Base */,
			);
			name = Main.storyboard;
			sourceTree = "<group>";
		};
		2B43C6E820C40D82009A6A07 /* LaunchScreen.storyboard */ = {
			isa = PBXVariantGroup;
			children = (
				2B43C6E920C40D82009A6A07 /* Base */,
			);
			name = LaunchScreen.storyboard;
			sourceTree = "<group>";
		};
/* End PBXVariantGroup section */

/* Begin XCBuildConfiguration section */
		2B43C70420C40D83009A6A07 /* Debug */ = {
			isa = XCBuildConfiguration;
			buildSettings = {
				ALWAYS_SEARCH_USER_PATHS = NO;
				CLANG_ANALYZER_NONNULL = YES;
				CLANG_ANALYZER_NUMBER_OBJECT_CONVERSION = YES_AGGRESSIVE;
				CLANG_CXX_LANGUAGE_STANDARD = "gnu++14";
				CLANG_CXX_LIBRARY = "libc++";
				CLANG_ENABLE_MODULES = YES;
				CLANG_ENABLE_OBJC_ARC = YES;
				CLANG_ENABLE_OBJC_WEAK = YES;
				CLANG_WARN_BLOCK_CAPTURE_AUTORELEASING = YES;
				CLANG_WARN_BOOL_CONVERSION = YES;
				CLANG_WARN_COMMA = YES;
				CLANG_WARN_CONSTANT_CONVERSION = YES;
				CLANG_WARN_DEPRECATED_OBJC_IMPLEMENTATIONS = YES;
				CLANG_WARN_DIRECT_OBJC_ISA_USAGE = YES_ERROR;
				CLANG_WARN_DOCUMENTATION_COMMENTS = YES;
				CLANG_WARN_EMPTY_BODY = YES;
				CLANG_WARN_ENUM_CONVERSION = YES;
				CLANG_WARN_INFINITE_RECURSION = YES;
				CLANG_WARN_INT_CONVERSION = YES;
				CLANG_WARN_NON_LITERAL_NULL_CONVERSION = YES;
				CLANG_WARN_OBJC_IMPLICIT_RETAIN_SELF = YES;
				CLANG_WARN_OBJC_LITERAL_CONVERSION = YES;
				CLANG_WARN_OBJC_ROOT_CLASS = YES_ERROR;
				CLANG_WARN_RANGE_LOOP_ANALYSIS = YES;
				CLANG_WARN_STRICT_PROTOTYPES = YES;
				CLANG_WARN_SUSPICIOUS_MOVE = YES;
				CLANG_WARN_UNGUARDED_AVAILABILITY = YES_AGGRESSIVE;
				CLANG_WARN_UNREACHABLE_CODE = YES;
				CLANG_WARN__DUPLICATE_METHOD_MATCH = YES;
				CODE_SIGN_IDENTITY = "iPhone Developer";
				COPY_PHASE_STRIP = NO;
				DEBUG_INFORMATION_FORMAT = dwarf;
				ENABLE_STRICT_OBJC_MSGSEND = YES;
				ENABLE_TESTABILITY = YES;
				GCC_C_LANGUAGE_STANDARD = gnu11;
				GCC_DYNAMIC_NO_PIC = NO;
				GCC_NO_COMMON_BLOCKS = YES;
				GCC_OPTIMIZATION_LEVEL = 0;
				GCC_PREPROCESSOR_DEFINITIONS = (
					"DEBUG=1",
					"$(inherited)",
				);
				GCC_WARN_64_TO_32_BIT_CONVERSION = YES;
				GCC_WARN_ABOUT_RETURN_TYPE = YES_ERROR;
				GCC_WARN_UNDECLARED_SELECTOR = YES;
				GCC_WARN_UNINITIALIZED_AUTOS = YES_AGGRESSIVE;
				GCC_WARN_UNUSED_FUNCTION = YES;
				GCC_WARN_UNUSED_VARIABLE = YES;
				IPHONEOS_DEPLOYMENT_TARGET = 11.3;
				MTL_ENABLE_DEBUG_INFO = YES;
				ONLY_ACTIVE_ARCH = YES;
				SDKROOT = iphoneos;
			};
			name = Debug;
		};
		2B43C70520C40D83009A6A07 /* Release */ = {
			isa = XCBuildConfiguration;
			buildSettings = {
				ALWAYS_SEARCH_USER_PATHS = NO;
				CLANG_ANALYZER_NONNULL = YES;
				CLANG_ANALYZER_NUMBER_OBJECT_CONVERSION = YES_AGGRESSIVE;
				CLANG_CXX_LANGUAGE_STANDARD = "gnu++14";
				CLANG_CXX_LIBRARY = "libc++";
				CLANG_ENABLE_MODULES = YES;
				CLANG_ENABLE_OBJC_ARC = YES;
				CLANG_ENABLE_OBJC_WEAK = YES;
				CLANG_WARN_BLOCK_CAPTURE_AUTORELEASING = YES;
				CLANG_WARN_BOOL_CONVERSION = YES;
				CLANG_WARN_COMMA = YES;
				CLANG_WARN_CONSTANT_CONVERSION = YES;
				CLANG_WARN_DEPRECATED_OBJC_IMPLEMENTATIONS = YES;
				CLANG_WARN_DIRECT_OBJC_ISA_USAGE = YES_ERROR;
				CLANG_WARN_DOCUMENTATION_COMMENTS = YES;
				CLANG_WARN_EMPTY_BODY = YES;
				CLANG_WARN_ENUM_CONVERSION = YES;
				CLANG_WARN_INFINITE_RECURSION = YES;
				CLANG_WARN_INT_CONVERSION = YES;
				CLANG_WARN_NON_LITERAL_NULL_CONVERSION = YES;
				CLANG_WARN_OBJC_IMPLICIT_RETAIN_SELF = YES;
				CLANG_WARN_OBJC_LITERAL_CONVERSION = YES;
				CLANG_WARN_OBJC_ROOT_CLASS = YES_ERROR;
				CLANG_WARN_RANGE_LOOP_ANALYSIS = YES;
				CLANG_WARN_STRICT_PROTOTYPES = YES;
				CLANG_WARN_SUSPICIOUS_MOVE = YES;
				CLANG_WARN_UNGUARDED_AVAILABILITY = YES_AGGRESSIVE;
				CLANG_WARN_UNREACHABLE_CODE = YES;
				CLANG_WARN__DUPLICATE_METHOD_MATCH = YES;
				CODE_SIGN_IDENTITY = "iPhone Developer";
				COPY_PHASE_STRIP = NO;
				DEBUG_INFORMATION_FORMAT = "dwarf-with-dsym";
				ENABLE_NS_ASSERTIONS = NO;
				ENABLE_STRICT_OBJC_MSGSEND = YES;
				GCC_C_LANGUAGE_STANDARD = gnu11;
				GCC_NO_COMMON_BLOCKS = YES;
				GCC_WARN_64_TO_32_BIT_CONVERSION = YES;
				GCC_WARN_ABOUT_RETURN_TYPE = YES_ERROR;
				GCC_WARN_UNDECLARED_SELECTOR = YES;
				GCC_WARN_UNINITIALIZED_AUTOS = YES_AGGRESSIVE;
				GCC_WARN_UNUSED_FUNCTION = YES;
				GCC_WARN_UNUSED_VARIABLE = YES;
				IPHONEOS_DEPLOYMENT_TARGET = 11.3;
				MTL_ENABLE_DEBUG_INFO = NO;
				SDKROOT = iphoneos;
				VALIDATE_PRODUCT = YES;
			};
			name = Release;
		};
		2B43C70720C40D83009A6A07 /* Debug */ = {
			isa = XCBuildConfiguration;
			baseConfigurationReference = 53E0995115D879CDEBBD18D9 /* Pods-WJAsyncExample.debug.xcconfig */;
			buildSettings = {
				ASSETCATALOG_COMPILER_APPICON_NAME = AppIcon;
				CODE_SIGN_STYLE = Automatic;
				DEVELOPMENT_TEAM = 7465LVKW35;
				INFOPLIST_FILE = WJAsyncExample/Info.plist;
				LD_RUNPATH_SEARCH_PATHS = (
					"$(inherited)",
					"@executable_path/Frameworks",
				);
				PRODUCT_BUNDLE_IDENTIFIER = com.wangjuncode..WJAsyncExample;
				PRODUCT_NAME = "$(TARGET_NAME)";
				TARGETED_DEVICE_FAMILY = "1,2";
			};
			name = Debug;
		};
		2B43C70820C40D83009A6A07 /* Release */ = {
			isa = XCBuildConfiguration;
			baseConfigurationReference = 8C32A9C43A24D5B2B20EBF99 /* Pods-WJAsyncExample.release.xcconfig */;
			buildSettings = {
				ASSETCATALOG_COMPILER_APPICON_NAME = AppIcon;
				CODE_SIGN_STYLE = Automatic;
				DEVELOPMENT_TEAM = 7465LVKW35;
				INFOPLIST_FILE = WJAsyncExample/Info.plist;
				LD_RUNPATH_SEARCH_PATHS = (
					"$(inherited)",
					"@executable_path/Frameworks",
				);
				PRODUCT_BUNDLE_IDENTIFIER = com.wangjuncode..WJAsyncExample;
				PRODUCT_NAME = "$(TARGET_NAME)";
				TARGETED_DEVICE_FAMILY = "1,2";
			};
			name = Release;
		};
		2B43C70A20C40D83009A6A07 /* Debug */ = {
			isa = XCBuildConfiguration;
			baseConfigurationReference = 23BD004B7684494503077156 /* Pods-WJAsyncExampleTests.debug.xcconfig */;
			buildSettings = {
				BUNDLE_LOADER = "$(TEST_HOST)";
				CODE_SIGN_STYLE = Automatic;
				DEVELOPMENT_TEAM = 7465LVKW35;
				INFOPLIST_FILE = WJAsyncExampleTests/Info.plist;
				LD_RUNPATH_SEARCH_PATHS = (
					"$(inherited)",
					"@executable_path/Frameworks",
					"@loader_path/Frameworks",
				);
				PRODUCT_BUNDLE_IDENTIFIER = com.wangjuncode..WJAsyncExampleTests;
				PRODUCT_NAME = "$(TARGET_NAME)";
				TARGETED_DEVICE_FAMILY = "1,2";
				TEST_HOST = "$(BUILT_PRODUCTS_DIR)/WJAsyncExample.app/WJAsyncExample";
			};
			name = Debug;
		};
		2B43C70B20C40D83009A6A07 /* Release */ = {
			isa = XCBuildConfiguration;
			baseConfigurationReference = 0F642BBC61C9A7C817374520 /* Pods-WJAsyncExampleTests.release.xcconfig */;
			buildSettings = {
				BUNDLE_LOADER = "$(TEST_HOST)";
				CODE_SIGN_STYLE = Automatic;
				DEVELOPMENT_TEAM = 7465LVKW35;
				INFOPLIST_FILE = WJAsyncExampleTests/Info.plist;
				LD_RUNPATH_SEARCH_PATHS = (
					"$(inherited)",
					"@executable_path/Frameworks",
					"@loader_path/Frameworks",
				);
				PRODUCT_BUNDLE_IDENTIFIER = com.wangjuncode..WJAsyncExampleTests;
				PRODUCT_NAME = "$(TARGET_NAME)";
				TARGETED_DEVICE_FAMILY = "1,2";
				TEST_HOST = "$(BUILT_PRODUCTS_DIR)/WJAsyncExample.app/WJAsyncExample";
			};
			name = Release;
		};
		2B43C70D20C40D83009A6A07 /* Debug */ = {
			isa = XCBuildConfiguration;
			baseConfigurationReference = 80CD02ABDC5D21D83A1CB52B /* Pods-WJAsyncExampleUITests.debug.xcconfig */;
			buildSettings = {
				CODE_SIGN_STYLE = Automatic;
				DEVELOPMENT_TEAM = 7465LVKW35;
				INFOPLIST_FILE = WJAsyncExampleUITests/Info.plist;
				LD_RUNPATH_SEARCH_PATHS = (
					"$(inherited)",
					"@executable_path/Frameworks",
					"@loader_path/Frameworks",
				);
				PRODUCT_BUNDLE_IDENTIFIER = com.wangjuncode..WJAsyncExampleUITests;
				PRODUCT_NAME = "$(TARGET_NAME)";
				TARGETED_DEVICE_FAMILY = "1,2";
				TEST_TARGET_NAME = WJAsyncExample;
			};
			name = Debug;
		};
		2B43C70E20C40D83009A6A07 /* Release */ = {
			isa = XCBuildConfiguration;
			baseConfigurationReference = A1CD7687A2E71A9F72F872F4 /* Pods-WJAsyncExampleUITests.release.xcconfig */;
			buildSettings = {
				CODE_SIGN_STYLE = Automatic;
				DEVELOPMENT_TEAM = 7465LVKW35;
				INFOPLIST_FILE = WJAsyncExampleUITests/Info.plist;
				LD_RUNPATH_SEARCH_PATHS = (
					"$(inherited)",
					"@executable_path/Frameworks",
					"@loader_path/Frameworks",
				);
				PRODUCT_BUNDLE_IDENTIFIER = com.wangjuncode..WJAsyncExampleUITests;
				PRODUCT_NAME = "$(TARGET_NAME)";
				TARGETED_DEVICE_FAMILY = "1,2";
				TEST_TARGET_NAME = WJAsyncExample;
			};
			name = Release;
		};
/* End XCBuildConfiguration section */

/* Begin XCConfigurationList section */
		2B43C6D520C40D80009A6A07 /* Build configuration list for PBXProject "WJAsyncExample" */ = {
			isa = XCConfigurationList;
			buildConfigurations = (
				2B43C70420C40D83009A6A07 /* Debug */,
				2B43C70520C40D83009A6A07 /* Release */,
			);
			defaultConfigurationIsVisible = 0;
			defaultConfigurationName = Release;
		};
		2B43C70620C40D83009A6A07 /* Build configuration list for PBXNativeTarget "WJAsyncExample" */ = {
			isa = XCConfigurationList;
			buildConfigurations = (
				2B43C70720C40D83009A6A07 /* Debug */,
				2B43C70820C40D83009A6A07 /* Release */,
			);
			defaultConfigurationIsVisible = 0;
			defaultConfigurationName = Release;
		};
		2B43C70920C40D83009A6A07 /* Build configuration list for PBXNativeTarget "WJAsyncExampleTests" */ = {
			isa = XCConfigurationList;
			buildConfigurations = (
				2B43C70A20C40D83009A6A07 /* Debug */,
				2B43C70B20C40D83009A6A07 /* Release */,
			);
			defaultConfigurationIsVisible = 0;
			defaultConfigurationName = Release;
		};
		2B43C70C20C40D83009A6A07 /* Build configuration list for PBXNativeTarget "WJAsyncExampleUITests" */ = {
			isa = XCConfigurationList;
			buildConfigurations = (
				2B43C70D20C40D83009A6A07 /* Debug */,
				2B43C70E20C40D83009A6A07 /* Release */,
			);
			defaultConfigurationIsVisible = 0;
			defaultConfigurationName = Release;
		};
/* End XCConfigurationList section */
	};
	rootObject = 2B43C6D220C40D80009A6A07 /* Project object */;
}
